
Microsoft Visual Studio Solution File, Format Version 12.00
# Visual Studio 2012
Project("{FAE04EC0-301F-11D3-BF4B-00C04F79EFBC}") = "DotProjectOne", "DotProjectOne\DotProjectOne.csproj", "{30A54E2D-40D2-41F5-A2BD-3111110671CC}"
EndProject
Project("{FAE04EC0-301F-11D3-BF4B-00C04F79EFBC}") = "DotProjectOne.Tests", "DotProjectOne.Tests\DotProjectOne.Tests.csproj", "{B6BE68B9-B0ED-47C0-AC46-42B5E8C89EC8}"
EndProject
Global
	GlobalSection(SolutionConfigurationPlatforms) = preSolution
		Debug|Any CPU = Debug|Any CPU
		Release|Any CPU = Release|Any CPU
	EndGlobalSection
	GlobalSection(ProjectConfigurationPlatforms) = postSolution
		{30A54E2D-40D2-41F5-A2BD-3111110671CC}.Debug|Any CPU.ActiveCfg = Debug|Any CPU
		{30A54E2D-40D2-41F5-A2BD-3111110671CC}.Debug|Any CPU.Build.0 = Debug|Any CPU
		{30A54E2D-40D2-41F5-A2BD-3111110671CC}.Release|Any CPU.ActiveCfg = Release|Any CPU
		{30A54E2D-40D2-41F5-A2BD-3111110671CC}.Release|Any CPU.Build.0 = Release|Any CPU
		{B6BE68B9-B0ED-47C0-AC46-42B5E8C89EC8}.Debug|Any CPU.ActiveCfg = Debug|Any CPU
		{B6BE68B9-B0ED-47C0-AC46-42B5E8C89EC8}.Debug|Any CPU.Build.0 = Debug|Any CPU
		{B6BE68B9-B0ED-47C0-AC46-42B5E8C89EC8}.Release|Any CPU.ActiveCfg = Release|Any CPU
		{B6BE68B9-B0ED-47C0-AC46-42B5E8C89EC8}.Release|Any CPU.Build.0 = Release|Any CPU
	EndGlobalSection
EndGlobal
